
Microsoft Visual Studio Solution File, Format Version 12.00
# Visual Studio 15
VisualStudioVersion = 15.0.28307.271
MinimumVisualStudioVersion = 10.0.40219.1
Project("{FAE04EC0-301F-11D3-BF4B-00C04F79EFBC}") = "DBAToolV2", "DBAToolV2\DBAToolV2.csproj", "{B860E2A0-9A94-48B0-9A54-C2DB05372837}"
EndProject
Project("{9A19103F-16F7-4668-BE54-9A1E7A4F7556}") = "DBATool.Data", "DBATool.Data\DBATool.Data.csproj", "{DAAC860E-8814-4C9D-8349-3CA207161E8B}"
EndProject
Project("{9A19103F-16F7-4668-BE54-9A1E7A4F7556}") = "DBATool.Service", "DBATool.Service\DBATool.Service.csproj", "{116A88F2-983F-4003-82C0-9BBAE2ADE15F}"
EndProject
Global
	GlobalSection(SolutionConfigurationPlatforms) = preSolution
		Debug|Any CPU = Debug|Any CPU
		Release|Any CPU = Release|Any CPU
	EndGlobalSection
	GlobalSection(ProjectConfigurationPlatforms) = postSolution
		{B860E2A0-9A94-48B0-9A54-C2DB05372837}.Debug|Any CPU.ActiveCfg = Debug|Any CPU
		{B860E2A0-9A94-48B0-9A54-C2DB05372837}.Debug|Any CPU.Build.0 = Debug|Any CPU
		{B860E2A0-9A94-48B0-9A54-C2DB05372837}.Release|Any CPU.ActiveCfg = Release|Any CPU
		{B860E2A0-9A94-48B0-9A54-C2DB05372837}.Release|Any CPU.Build.0 = Release|Any CPU
		{DAAC860E-8814-4C9D-8349-3CA207161E8B}.Debug|Any CPU.ActiveCfg = Debug|Any CPU
		{DAAC860E-8814-4C9D-8349-3CA207161E8B}.Debug|Any CPU.Build.0 = Debug|Any CPU
		{DAAC860E-8814-4C9D-8349-3CA207161E8B}.Release|Any CPU.ActiveCfg = Release|Any CPU
		{DAAC860E-8814-4C9D-8349-3CA207161E8B}.Release|Any CPU.Build.0 = Release|Any CPU
		{116A88F2-983F-4003-82C0-9BBAE2ADE15F}.Debug|Any CPU.ActiveCfg = Debug|Any CPU
		{116A88F2-983F-4003-82C0-9BBAE2ADE15F}.Debug|Any CPU.Build.0 = Debug|Any CPU
		{116A88F2-983F-4003-82C0-9BBAE2ADE15F}.Release|Any CPU.ActiveCfg = Release|Any CPU
		{116A88F2-983F-4003-82C0-9BBAE2ADE15F}.Release|Any CPU.Build.0 = Release|Any CPU
	EndGlobalSection
	GlobalSection(SolutionProperties) = preSolution
		HideSolutionNode = FALSE
	EndGlobalSection
	GlobalSection(ExtensibilityGlobals) = postSolution
		SolutionGuid = {C82E8131-00C5-463C-BE91-546533B162AB}
	EndGlobalSection
EndGlobal
